
Microsoft Visual Studio Solution File, Format Version 12.00
# Visual Studio Version 16
VisualStudioVersion = 16.0.29806.167
MinimumVisualStudioVersion = 10.0.40219.1
Project("{FAE04EC0-301F-11D3-BF4B-00C04F79EFBC}") = "PortfolioWeb", "PortfolioWeb\PortfolioWeb.csproj", "{40298993-570D-4FC4-BE86-32C6979D8890}"
EndProject
Project("{FAE04EC0-301F-11D3-BF4B-00C04F79EFBC}") = "Core", "Core\Core.csproj", "{11A997F1-60B0-47BA-8C4C-126DC2B910BA}"
EndProject
Project("{FAE04EC0-301F-11D3-BF4B-00C04F79EFBC}") = "Infrastructure", "Infrastructure\Infrastructure.csproj", "{C2AF6199-9CA5-414B-AA04-5063B46A29A9}"
EndProject
Global
	GlobalSection(SolutionConfigurationPlatforms) = preSolution
		Debug|Any CPU = Debug|Any CPU
		Release|Any CPU = Release|Any CPU
	EndGlobalSection
	GlobalSection(ProjectConfigurationPlatforms) = postSolution
		{40298993-570D-4FC4-BE86-32C6979D8890}.Debug|Any CPU.ActiveCfg = Debug|Any CPU
		{40298993-570D-4FC4-BE86-32C6979D8890}.Debug|Any CPU.Build.0 = Debug|Any CPU
		{40298993-570D-4FC4-BE86-32C6979D8890}.Release|Any CPU.ActiveCfg = Release|Any CPU
		{40298993-570D-4FC4-BE86-32C6979D8890}.Release|Any CPU.Build.0 = Release|Any CPU
		{11A997F1-60B0-47BA-8C4C-126DC2B910BA}.Debug|Any CPU.ActiveCfg = Debug|Any CPU
		{11A997F1-60B0-47BA-8C4C-126DC2B910BA}.Debug|Any CPU.Build.0 = Debug|Any CPU
		{11A997F1-60B0-47BA-8C4C-126DC2B910BA}.Release|Any CPU.ActiveCfg = Release|Any CPU
		{11A997F1-60B0-47BA-8C4C-126DC2B910BA}.Release|Any CPU.Build.0 = Release|Any CPU
		{C2AF6199-9CA5-414B-AA04-5063B46A29A9}.Debug|Any CPU.ActiveCfg = Debug|Any CPU
		{C2AF6199-9CA5-414B-AA04-5063B46A29A9}.Debug|Any CPU.Build.0 = Debug|Any CPU
		{C2AF6199-9CA5-414B-AA04-5063B46A29A9}.Release|Any CPU.ActiveCfg = Release|Any CPU
		{C2AF6199-9CA5-414B-AA04-5063B46A29A9}.Release|Any CPU.Build.0 = Release|Any CPU
	EndGlobalSection
	GlobalSection(SolutionProperties) = preSolution
		HideSolutionNode = FALSE
	EndGlobalSection
	GlobalSection(ExtensibilityGlobals) = postSolution
		SolutionGuid = {CCE5F8FA-F96A-42C1-A5CA-31DB2FE5116E}
	EndGlobalSection
EndGlobal
